// !$*UTF8*$!
{
	archiveVersion = 1;
	classes = {
	};
	objectVersion = 48;
	objects = {

/* Begin PBXBuildFile section */
		1A99801B1A0DD20159DCEA39 /* GraphicsLayerCG.mm in Sources */ = {isa = PBXBuildFile; fileRef = 1A9983CA99751AEEEDA9E40D /* GraphicsLayerCG.mm */; };
		1A99806E8DC54A6E54DB3D3B /* DisplayRefreshMonitor.cpp in Sources */ = {isa = PBXBuildFile; fileRef = 1A998243571CCD3D53AC4875 /* DisplayRefreshMonitor.cpp */; };
		1A998088F7101737B154BE0E /* ThreadTimer.mm in Sources */ = {isa = PBXBuildFile; fileRef = 1A998EEE7D022F3CA99902F6 /* ThreadTimer.mm */; };
		1A9980B07FC44AF530492C95 /* AtomJSZRender.m in Sources */ = {isa = PBXBuildFile; fileRef = 1A9983889298EA00DF1B2F06 /* AtomJSZRender.m */; };
		1A9981752C28D3231160C304 /* ImageBufferCG.mm in Sources */ = {isa = PBXBuildFile; fileRef = 1A998D748BD770C59A81D3B6 /* ImageBufferCG.mm */; };
		1A998186CA17A60CD72B4A3E /* GraphicsPageManager.cpp in Sources */ = {isa = PBXBuildFile; fileRef = 1A998AB5F911BE743F15B14B /* GraphicsPageManager.cpp */; };
		1A9981C1D6BEBCC4B1F42800 /* Vec2.inl in Resources */ = {isa = PBXBuildFile; fileRef = 1A998EAB42079481E9734A9A /* Vec2.inl */; };
		1A99825BEB092D4E3138F375 /* DisplayRefreshMonitorClient.cpp in Sources */ = {isa = PBXBuildFile; fileRef = 1A998C760470B7E6C4BFA34B /* DisplayRefreshMonitorClient.cpp */; };
		1A99828F4F9AA5D81862BFF3 /* Vec3.cpp in Sources */ = {isa = PBXBuildFile; fileRef = 1A99898E53D10B80F4602D7D /* Vec3.cpp */; };
		1A99829E753BE49C415F55FC /* GraphicsContextCG.mm in Sources */ = {isa = PBXBuildFile; fileRef = 1A998F25ADBB3041384B2B22 /* GraphicsContextCG.mm */; };
		1A99829FDA748FACECDF774C /* GraphicsContentFlushController.mm in Sources */ = {isa = PBXBuildFile; fileRef = 1A998EDE8FD2340F8944C070 /* GraphicsContentFlushController.mm */; };
		1A9982DD651F857CF0ECA86A /* AtomCanvasContext2dCG.mm in Sources */ = {isa = PBXBuildFile; fileRef = 1A99889DC6C71E7B503098C1 /* AtomCanvasContext2dCG.mm */; };
		1A9983027338D8BD268C0962 /* AtomJSTimer.mm in Sources */ = {isa = PBXBuildFile; fileRef = 1A998EC89C0641776CAB7C91 /* AtomJSTimer.mm */; };
		1A99832857AA0186BBD84A92 /* AtomCanvasNode.cpp in Sources */ = {isa = PBXBuildFile; fileRef = 1A998D943FF3E2F1458BF114 /* AtomCanvasNode.cpp */; };
		1A99836103F0147C56DB0705 /* AtomGCanvasContext2D.mm in Sources */ = {isa = PBXBuildFile; fileRef = 1A9988F0871AFD56CB529643 /* AtomGCanvasContext2D.mm */; };
		1A998370BA20D05FC46A6AD4 /* GraphicsThread.mm in Sources */ = {isa = PBXBuildFile; fileRef = 1A998B135AD30EFE1BA77533 /* GraphicsThread.mm */; };
		1A99838C31BC731D992B62B3 /* MathUtilNeon64.inl in Resources */ = {isa = PBXBuildFile; fileRef = 1A9980D81A0C9C376D3C2078 /* MathUtilNeon64.inl */; };
		1A998392D0E04EFF43E058F0 /* Mat4.cpp in Sources */ = {isa = PBXBuildFile; fileRef = 1A998CF27B229634588AB455 /* Mat4.cpp */; };
		1A998392E698719B3DEF3E98 /* GraphicsLayerBackingStoreGCanvas.mm in Sources */ = {isa = PBXBuildFile; fileRef = 1A99820A70ECAAB79EE97761 /* GraphicsLayerBackingStoreGCanvas.mm */; };
		1A9983C1B6D02FA0D8F50189 /* DisplayLink.cpp in Sources */ = {isa = PBXBuildFile; fileRef = 1A998002BFDF856620C0A6DB /* DisplayLink.cpp */; };
		1A9984224C179BAA2B3F18E4 /* AtomCanvasContext2D.cpp in Sources */ = {isa = PBXBuildFile; fileRef = 1A9981FAC37CB043F245177D /* AtomCanvasContext2D.cpp */; };
		1A99844C312C635824CDD92E /* MathUtilSSE.inl in Resources */ = {isa = PBXBuildFile; fileRef = 1A998D4EAD821431E9005D51 /* MathUtilSSE.inl */; };
		1A998451F9BECBC387235BD6 /* AtomRef.cpp in Sources */ = {isa = PBXBuildFile; fileRef = 1A998A81A6F8C05EEA2ED88A /* AtomRef.cpp */; };
		1A9984812A5E6FA80B99C024 /* AtomGraphics.cpp in Sources */ = {isa = PBXBuildFile; fileRef = 1A998EAFBA5B3ABFDD61C5AD /* AtomGraphics.cpp */; };
		1A99852446CFB50C46AEE41A /* AtomCanvasContextBase.cpp in Sources */ = {isa = PBXBuildFile; fileRef = 1A998BFD377242DAAA7CA57D /* AtomCanvasContextBase.cpp */; };
		1A998534CDA819CD1EBA2FCC /* Timer.mm in Sources */ = {isa = PBXBuildFile; fileRef = 1A998890024E1A15C2A6628F /* Timer.mm */; };
		1A99856BDD4B6731687A78E5 /* AtomPath.cpp in Sources */ = {isa = PBXBuildFile; fileRef = 1A998E065434A8FBA1D90BF9 /* AtomPath.cpp */; };
		1A9985824990C2A0184AC880 /* GraphicsLayerBackingStore.cpp in Sources */ = {isa = PBXBuildFile; fileRef = 1A998A8C6C294E38FEA18938 /* GraphicsLayerBackingStore.cpp */; };
		1A998587D5DFF86B12C58049 /* GraphicsPage.cpp in Sources */ = {isa = PBXBuildFile; fileRef = 1A9985898213D9D4D7B2488F /* GraphicsPage.cpp */; };
		1A99859EA5A0D341B42DC078 /* GraphicsLayerBackingStoreCG.mm in Sources */ = {isa = PBXBuildFile; fileRef = 1A9986A6847592198799BAA6 /* GraphicsLayerBackingStoreCG.mm */; };
		1A9985A2DF6A258F960C452E /* TimerManager.cpp in Sources */ = {isa = PBXBuildFile; fileRef = 1A99897E27AE3CD6B3BFC364 /* TimerManager.cpp */; };
		1A9985B4979EED2B2DB06B1B /* ChartGroupView.mm in Sources */ = {isa = PBXBuildFile; fileRef = 1A9987C6FCD948DBF343EF91 /* ChartGroupView.mm */; };
		1A9985D3A9E013AF894135B8 /* CanvasJavaScriptInterface.mm in Sources */ = {isa = PBXBuildFile; fileRef = 1A998A684BAA79B67A82D918 /* CanvasJavaScriptInterface.mm */; };
		1A99860D1C3190145C06B5C9 /* GraphicsRunLoop.mm in Sources */ = {isa = PBXBuildFile; fileRef = 1A998411C73FF519002D7045 /* GraphicsRunLoop.mm */; };
		1A99863CBF38893D41BBB8B9 /* AtomCanvasNodeCG.mm in Sources */ = {isa = PBXBuildFile; fileRef = 1A9980B8A0AB70C7918429E1 /* AtomCanvasNodeCG.mm */; };
		1A9987303BE2E183CDCA080C /* AppDelegate.m in Sources */ = {isa = PBXBuildFile; fileRef = 1A9985A69E08E9FD1D30C74B /* AppDelegate.m */; };
		1A99879F4F069ED8F377793D /* AtomGCanvasContext2D.cpp in Sources */ = {isa = PBXBuildFile; fileRef = 1A9982A22148A15115021D74 /* AtomGCanvasContext2D.cpp */; };
		1A9987A1995008A6754E7FCC /* AtomPainterGL.cpp in Sources */ = {isa = PBXBuildFile; fileRef = 1A9987D90FD08DE72DC96D9D /* AtomPainterGL.cpp */; };
		1A9987B5C2F9B85F056AB489 /* Quaternion.cpp in Sources */ = {isa = PBXBuildFile; fileRef = 1A99817FE3A8D2EF5C952760 /* Quaternion.cpp */; };
		1A9987CEF8954EDCA6A9B8EF /* Vec4.cpp in Sources */ = {isa = PBXBuildFile; fileRef = 1A998DF3E124384E0C27267E /* Vec4.cpp */; };
		1A998866FAF86361BF5A78EA /* GraphicsPageContext.cpp in Sources */ = {isa = PBXBuildFile; fileRef = 1A998BB01079B2D00FE8532C /* GraphicsPageContext.cpp */; };
		1A99888D79D0BAB99B600D58 /* Vec4.inl in Resources */ = {isa = PBXBuildFile; fileRef = 1A998E18B7FFA6728827A484 /* Vec4.inl */; };
		1A99889AF3A9CE5754067BC0 /* DisplayLinkCA.mm in Sources */ = {isa = PBXBuildFile; fileRef = 1A998C1B5E94686F6EE5C8D0 /* DisplayLinkCA.mm */; };
		1A9988E1F180FD1A1F52BB72 /* AtomGCanvasNode.cpp in Sources */ = {isa = PBXBuildFile; fileRef = 1A9989E16FCAB2C06F825CE7 /* AtomGCanvasNode.cpp */; };
		1A998902B64E40080E2E8A46 /* GraphicsLayerBackingStoreGCanvas.cpp in Sources */ = {isa = PBXBuildFile; fileRef = 1A998E12CEA0E4DD8E9A728E /* GraphicsLayerBackingStoreGCanvas.cpp */; };
		1A99890BAA1F011AD9D75000 /* Vec2.cpp in Sources */ = {isa = PBXBuildFile; fileRef = 1A9988FCAF8188A7DF16D7E3 /* Vec2.cpp */; };
		1A9989258128EEEA2F508534 /* AtomCanvasPattern.cpp in Sources */ = {isa = PBXBuildFile; fileRef = 1A998C1A4E3542C27DA30030 /* AtomCanvasPattern.cpp */; };
		1A998955C27FD67266DDC065 /* AtomCanvasContext3D.cpp in Sources */ = {isa = PBXBuildFile; fileRef = 1A998A00A17BF121099ADF0C /* AtomCanvasContext3D.cpp */; };
		1A9989823E57F438ADA76A85 /* MathUtilNeon.inl in Resources */ = {isa = PBXBuildFile; fileRef = 1A9989149E478D5E29D07B1B /* MathUtilNeon.inl */; };
		1A9989C00A643D3C287D6270 /* MathUtil.cpp in Sources */ = {isa = PBXBuildFile; fileRef = 1A9987B59B1481B73FD97A5D /* MathUtil.cpp */; };
		1A9989D3C2E24799F6761062 /* AtomGraphicsView.mm in Sources */ = {isa = PBXBuildFile; fileRef = 1A9983AB6445D2B35FE4CCD2 /* AtomGraphicsView.mm */; };
		1A9989DF68927D07E48A768E /* AtomNodeTree.cpp in Sources */ = {isa = PBXBuildFile; fileRef = 1A9982A66E515FBDBA7A3CEA /* AtomNodeTree.cpp */; };
		1A998A396120D68E32D69111 /* AtomTypes.cpp in Sources */ = {isa = PBXBuildFile; fileRef = 1A998C7C25287D00B8B2BE9E /* AtomTypes.cpp */; };
		1A998AD8BD9ED170DA128849 /* AtomGeometry.cpp in Sources */ = {isa = PBXBuildFile; fileRef = 1A998C886D27AD06CED65793 /* AtomGeometry.cpp */; };
		1A998B18878796621BB529BD /* AtomNode.cpp in Sources */ = {isa = PBXBuildFile; fileRef = 1A99864104427B314D52045D /* AtomNode.cpp */; };
		1A998B33746D4B38987B3F32 /* CanvasContextJavaScriptInterface.mm in Sources */ = {isa = PBXBuildFile; fileRef = 1A9988BE4FE6733D271109BC /* CanvasContextJavaScriptInterface.mm */; };
		1A998B438EF6981B9695667A /* AtomGCanvasEAGLLayer.mm in Sources */ = {isa = PBXBuildFile; fileRef = 1A99838A38ADA855A31EFF9C /* AtomGCanvasEAGLLayer.mm */; };
		1A998BA623F981D88B04D01A /* ScriptAnimationFrameController.cpp in Sources */ = {isa = PBXBuildFile; fileRef = 1A998135063DA0233E0AF3E2 /* ScriptAnimationFrameController.cpp */; };
		1A998BCED3BA52CEF19BF049 /* Vec3.inl in Resources */ = {isa = PBXBuildFile; fileRef = 1A9988226FE916CB8550B3C9 /* Vec3.inl */; };
		1A998C21F04E935CB7501CED /* FPSLabel.m in Sources */ = {isa = PBXBuildFile; fileRef = 1A998FC25A2587955C33435B /* FPSLabel.m */; };
		1A998C31BEC24B68A672CEA3 /* ViewController.m in Sources */ = {isa = PBXBuildFile; fileRef = 1A9981F2FA75E281E8C76D35 /* ViewController.m */; };
		1A998C34832AF33ED23D0D39 /* AtomPainter.cpp in Sources */ = {isa = PBXBuildFile; fileRef = 1A998960AFEC261525C95624 /* AtomPainter.cpp */; };
		1A998C63D473D5C7723994C4 /* GraphicsLayer.cpp in Sources */ = {isa = PBXBuildFile; fileRef = 1A998B4209460B298076EE0C /* GraphicsLayer.cpp */; };
		1A998D387CDC39F6A8419B96 /* AtomJavaScriptCore.mm in Sources */ = {isa = PBXBuildFile; fileRef = 1A9988A30605319F1F139A29 /* AtomJavaScriptCore.mm */; };
		1A998E6128A910095C92E931 /* GraphicsContentFlushController.cpp in Sources */ = {isa = PBXBuildFile; fileRef = 1A99830AB2530E1C42F38539 /* GraphicsContentFlushController.cpp */; };
		1A998E62B0F5BA1A6612AB8D /* GraphicsLayerGCanvas.cpp in Sources */ = {isa = PBXBuildFile; fileRef = 1A99886B4A93C93EAC50421B /* GraphicsLayerGCanvas.cpp */; };
		1A998E860DCD1F82DD694BE7 /* ScriptTimer.cpp in Sources */ = {isa = PBXBuildFile; fileRef = 1A998492364E981FF3FF9A4E /* ScriptTimer.cpp */; };
		1A998E9B85D9F58056A14CE0 /* AtomImageProvider.cpp in Sources */ = {isa = PBXBuildFile; fileRef = 1A99806A46AE94BF7B094252 /* AtomImageProvider.cpp */; };
		1A998EACA986A9826A904292 /* MathUtil.inl in Resources */ = {isa = PBXBuildFile; fileRef = 1A9980B8AE8B3CE5BA5F4C0B /* MathUtil.inl */; };
		1A998EF4F4336C7F3818B4DA /* Quaternion.inl in Resources */ = {isa = PBXBuildFile; fileRef = 1A9981F3E363D720195B5984 /* Quaternion.inl */; };
		1A998F381EA60231664E901A /* AtomCanvasGradient.cpp in Sources */ = {isa = PBXBuildFile; fileRef = 1A9987CE809CA131914BD026 /* AtomCanvasGradient.cpp */; };
		1A998F9AB09FB7709FD19D58 /* RequestAnimationCallback.cpp in Sources */ = {isa = PBXBuildFile; fileRef = 1A998A233CFC9DECE7A79D67 /* RequestAnimationCallback.cpp */; };
		1A998FDA716A3DEC0F9E73D4 /* Mat4.inl in Resources */ = {isa = PBXBuildFile; fileRef = 1A998E4E53564B5B56C24ED1 /* Mat4.inl */; };
		1CC978DEB1D82EB15A52928F /* AtomCanvasImage.cpp in Sources */ = {isa = PBXBuildFile; fileRef = 1CC977EBBB9FCAB10B36BD77 /* AtomCanvasImage.cpp */; };
		1CC9791B7054BDB999C2B5A8 /* AtomCanvasImageData.cpp in Sources */ = {isa = PBXBuildFile; fileRef = 1CC97EBB0B8859691B232457 /* AtomCanvasImageData.cpp */; };
		1CC97CC7C4285D6D22D3D432 /* AtomConvert.cpp in Sources */ = {isa = PBXBuildFile; fileRef = 1CC974E65FA13B71277A34AE /* AtomConvert.cpp */; };
		1CC97D3881DE7C24E6D1001B /* AtomEncode.cpp in Sources */ = {isa = PBXBuildFile; fileRef = 1CC97D024576703F96E1281C /* AtomEncode.cpp */; };
		B50FC4CA207DD72400AA1FDF /* JavaScriptCore.framework in Frameworks */ = {isa = PBXBuildFile; fileRef = B50FC4C9207DD72400AA1FDF /* JavaScriptCore.framework */; };
		B58E5C87207E00D700186D59 /* main.js in Resources */ = {isa = PBXBuildFile; fileRef = 1A998E328C18A21AE98EBC0C /* main.js */; };
		B5A4D32B206115BA001DAABD /* main.m in Sources */ = {isa = PBXBuildFile; fileRef = B5A4D32A206115BA001DAABD /* main.m */; };
		B5A4D342206130A8001DAABD /* Assets.xcassets in Resources */ = {isa = PBXBuildFile; fileRef = B5A4D341206130A8001DAABD /* Assets.xcassets */; };
		B5C75B9921097E52004B8670 /* core.js in Resources */ = {isa = PBXBuildFile; fileRef = 1A998A29257BAA8169306F52 /* core.js */; };
		B5C75B9A21097E52004B8670 /* JSTimers.js in Resources */ = {isa = PBXBuildFile; fileRef = 1A99854BF966DBE4F036DD75 /* JSTimers.js */; };
		B5C75B9C21097E52004B8670 /* zrender.js in Resources */ = {isa = PBXBuildFile; fileRef = 1A998BAABCC9FC1C0FBF3855 /* zrender.js */; };
		D404E54421CC6AB7F186978F /* libPods-AtomGraphics.a in Frameworks */ = {isa = PBXBuildFile; fileRef = C1BB2E46AD0B51AB328CE854 /* libPods-AtomGraphics.a */; };
/* End PBXBuildFile section */

/* Begin PBXFileReference section */
		10AB47E74C21EDA168593FD4 /* Pods-AtomGraphics.debug.xcconfig */ = {isa = PBXFileReference; includeInIndex = 1; lastKnownFileType = text.xcconfig; name = "Pods-AtomGraphics.debug.xcconfig"; path = "Pods/Target Support Files/Pods-AtomGraphics/Pods-AtomGraphics.debug.xcconfig"; sourceTree = "<group>"; };
		1A998002BFDF856620C0A6DB /* DisplayLink.cpp */ = {isa = PBXFileReference; fileEncoding = 4; lastKnownFileType = sourcecode.cpp.cpp; path = DisplayLink.cpp; sourceTree = "<group>"; };
		1A9980083AFC24DCC296DC0B /* PlatformLayer.h */ = {isa = PBXFileReference; fileEncoding = 4; lastKnownFileType = sourcecode.c.h; path = PlatformLayer.h; sourceTree = "<group>"; };
		1A99800E75C7F7A6280AA129 /* Timer.h */ = {isa = PBXFileReference; fileEncoding = 4; lastKnownFileType = sourcecode.c.h; path = Timer.h; sourceTree = "<group>"; };
		1A99805EBA0BFCC106E9A82C /* AtomGraphics.h */ = {isa = PBXFileReference; fileEncoding = 4; lastKnownFileType = sourcecode.c.h; path = AtomGraphics.h; sourceTree = "<group>"; };
		1A99806A46AE94BF7B094252 /* AtomImageProvider.cpp */ = {isa = PBXFileReference; fileEncoding = 4; lastKnownFileType = sourcecode.cpp.cpp; path = AtomImageProvider.cpp; sourceTree = "<group>"; };
		1A99809F4A0387C4913BE053 /* AtomGCanvasContext2D.h */ = {isa = PBXFileReference; fileEncoding = 4; lastKnownFileType = sourcecode.c.h; path = AtomGCanvasContext2D.h; sourceTree = "<group>"; };
		1A9980AFDACEB55AF12ED12B /* AtomJavaScriptCore.h */ = {isa = PBXFileReference; fileEncoding = 4; lastKnownFileType = sourcecode.c.h; path = AtomJavaScriptCore.h; sourceTree = "<group>"; };
		1A9980B8A0AB70C7918429E1 /* AtomCanvasNodeCG.mm */ = {isa = PBXFileReference; fileEncoding = 4; lastKnownFileType = sourcecode.cpp.objcpp; path = AtomCanvasNodeCG.mm; sourceTree = "<group>"; };
		1A9980B8AE8B3CE5BA5F4C0B /* MathUtil.inl */ = {isa = PBXFileReference; lastKnownFileType = file.inl; path = MathUtil.inl; sourceTree = "<group>"; };
		1A9980D81A0C9C376D3C2078 /* MathUtilNeon64.inl */ = {isa = PBXFileReference; lastKnownFileType = file.inl; path = MathUtilNeon64.inl; sourceTree = "<group>"; };
		1A99810D239A0ADDFDF80ECD /* GraphicsLayerCG.h */ = {isa = PBXFileReference; fileEncoding = 4; lastKnownFileType = sourcecode.c.h; path = GraphicsLayerCG.h; sourceTree = "<group>"; };
		1A998135063DA0233E0AF3E2 /* ScriptAnimationFrameController.cpp */ = {isa = PBXFileReference; fileEncoding = 4; lastKnownFileType = sourcecode.cpp.cpp; path = ScriptAnimationFrameController.cpp; sourceTree = "<group>"; };
		1A99817FE3A8D2EF5C952760 /* Quaternion.cpp */ = {isa = PBXFileReference; fileEncoding = 4; lastKnownFileType = sourcecode.cpp.cpp; path = Quaternion.cpp; sourceTree = "<group>"; };
		1A9981AFF8BC02EBC51A9620 /* ChartGroupView.h */ = {isa = PBXFileReference; fileEncoding = 4; lastKnownFileType = sourcecode.c.h; path = ChartGroupView.h; sourceTree = "<group>"; };
		1A9981F2FA75E281E8C76D35 /* ViewController.m */ = {isa = PBXFileReference; fileEncoding = 4; lastKnownFileType = sourcecode.c.objc; path = ViewController.m; sourceTree = "<group>"; };
		1A9981F3C592369BDC942475 /* AtomImageProvider.h */ = {isa = PBXFileReference; fileEncoding = 4; lastKnownFileType = sourcecode.c.h; path = AtomImageProvider.h; sourceTree = "<group>"; };
		1A9981F3E363D720195B5984 /* Quaternion.inl */ = {isa = PBXFileReference; lastKnownFileType = file.inl; path = Quaternion.inl; sourceTree = "<group>"; };
		1A9981FAC37CB043F245177D /* AtomCanvasContext2D.cpp */ = {isa = PBXFileReference; fileEncoding = 4; lastKnownFileType = sourcecode.cpp.cpp; path = AtomCanvasContext2D.cpp; sourceTree = "<group>"; };
		1A99820A70ECAAB79EE97761 /* GraphicsLayerBackingStoreGCanvas.mm */ = {isa = PBXFileReference; fileEncoding = 4; lastKnownFileType = sourcecode.cpp.objcpp; path = GraphicsLayerBackingStoreGCanvas.mm; sourceTree = "<group>"; };
		1A998231A84CD7F62B600213 /* AtomGCanvasNode.h */ = {isa = PBXFileReference; fileEncoding = 4; lastKnownFileType = sourcecode.c.h; path = AtomGCanvasNode.h; sourceTree = "<group>"; };
		1A99823AF29219ABF4ECA6D7 /* CanvasJavaScriptInterface.h */ = {isa = PBXFileReference; fileEncoding = 4; lastKnownFileType = sourcecode.c.h; path = CanvasJavaScriptInterface.h; sourceTree = "<group>"; };
		1A998243571CCD3D53AC4875 /* DisplayRefreshMonitor.cpp */ = {isa = PBXFileReference; fileEncoding = 4; lastKnownFileType = sourcecode.cpp.cpp; path = DisplayRefreshMonitor.cpp; sourceTree = "<group>"; };
		1A998255B0D0E5A0A92469C7 /* TimerManager.h */ = {isa = PBXFileReference; fileEncoding = 4; lastKnownFileType = sourcecode.c.h; path = TimerManager.h; sourceTree = "<group>"; };
		1A99829AF52F9E0B80A55F2C /* GraphicsLayerBackingStoreGCanvas.h */ = {isa = PBXFileReference; fileEncoding = 4; lastKnownFileType = sourcecode.c.h; path = GraphicsLayerBackingStoreGCanvas.h; sourceTree = "<group>"; };
		1A9982A22148A15115021D74 /* AtomGCanvasContext2D.cpp */ = {isa = PBXFileReference; fileEncoding = 4; lastKnownFileType = sourcecode.cpp.cpp; path = AtomGCanvasContext2D.cpp; sourceTree = "<group>"; };
		1A9982A4482115419A812A78 /* GraphicsLayerBackingStoreCG.h */ = {isa = PBXFileReference; fileEncoding = 4; lastKnownFileType = sourcecode.c.h; path = GraphicsLayerBackingStoreCG.h; sourceTree = "<group>"; };
		1A9982A66E515FBDBA7A3CEA /* AtomNodeTree.cpp */ = {isa = PBXFileReference; fileEncoding = 4; lastKnownFileType = sourcecode.cpp.cpp; path = AtomNodeTree.cpp; sourceTree = "<group>"; };
		1A99830AB2530E1C42F38539 /* GraphicsContentFlushController.cpp */ = {isa = PBXFileReference; fileEncoding = 4; lastKnownFileType = sourcecode.cpp.cpp; path = GraphicsContentFlushController.cpp; sourceTree = "<group>"; };
		1A998314166438D5856EECDF /* DisplayLinkCA.h */ = {isa = PBXFileReference; fileEncoding = 4; lastKnownFileType = sourcecode.c.h; path = DisplayLinkCA.h; sourceTree = "<group>"; };
		1A9983889298EA00DF1B2F06 /* AtomJSZRender.m */ = {isa = PBXFileReference; fileEncoding = 4; lastKnownFileType = sourcecode.c.objc; path = AtomJSZRender.m; sourceTree = "<group>"; };
		1A99838A38ADA855A31EFF9C /* AtomGCanvasEAGLLayer.mm */ = {isa = PBXFileReference; fileEncoding = 4; lastKnownFileType = sourcecode.cpp.objcpp; path = AtomGCanvasEAGLLayer.mm; sourceTree = "<group>"; };
		1A9983AAFE3EEBF086E0B86D /* Vec4.h */ = {isa = PBXFileReference; fileEncoding = 4; lastKnownFileType = sourcecode.c.h; path = Vec4.h; sourceTree = "<group>"; };
		1A9983AB6445D2B35FE4CCD2 /* AtomGraphicsView.mm */ = {isa = PBXFileReference; fileEncoding = 4; lastKnownFileType = sourcecode.cpp.objcpp; path = AtomGraphicsView.mm; sourceTree = "<group>"; };
		1A9983B5D8692247251D445F /* AtomGCanvasEAGLLayer.h */ = {isa = PBXFileReference; fileEncoding = 4; lastKnownFileType = sourcecode.c.h; path = AtomGCanvasEAGLLayer.h; sourceTree = "<group>"; };
		1A9983CA99751AEEEDA9E40D /* GraphicsLayerCG.mm */ = {isa = PBXFileReference; fileEncoding = 4; lastKnownFileType = sourcecode.cpp.objcpp; path = GraphicsLayerCG.mm; sourceTree = "<group>"; };
		1A998401E71DECEC26A40B3A /* MathUtil.h */ = {isa = PBXFileReference; fileEncoding = 4; lastKnownFileType = sourcecode.c.h; path = MathUtil.h; sourceTree = "<group>"; };
		1A998411C73FF519002D7045 /* GraphicsRunLoop.mm */ = {isa = PBXFileReference; fileEncoding = 4; lastKnownFileType = sourcecode.cpp.objcpp; path = GraphicsRunLoop.mm; sourceTree = "<group>"; };
		1A9984247143F744A5460958 /* AtomPlatformDefine-ios.h */ = {isa = PBXFileReference; fileEncoding = 4; lastKnownFileType = sourcecode.c.h; path = "AtomPlatformDefine-ios.h"; sourceTree = "<group>"; };
		1A998492364E981FF3FF9A4E /* ScriptTimer.cpp */ = {isa = PBXFileReference; fileEncoding = 4; lastKnownFileType = sourcecode.cpp.cpp; path = ScriptTimer.cpp; sourceTree = "<group>"; };
		1A9984AC6B692D235D63C632 /* AtomCanvasNodeCG.h */ = {isa = PBXFileReference; fileEncoding = 4; lastKnownFileType = sourcecode.c.h; path = AtomCanvasNodeCG.h; sourceTree = "<group>"; };
		1A9984C2D203240C0A2B1DC3 /* GraphicsLayerBackingStore.h */ = {isa = PBXFileReference; fileEncoding = 4; lastKnownFileType = sourcecode.c.h; path = GraphicsLayerBackingStore.h; sourceTree = "<group>"; };
		1A9984C74D4C96BDB39ABEFD /* README.md */ = {isa = PBXFileReference; fileEncoding = 4; lastKnownFileType = net.daringfireball.markdown; name = README.md; path = ../../README.md; sourceTree = "<group>"; };
		1A9985301F95DA0505BB1D16 /* AtomPainterGL.h */ = {isa = PBXFileReference; fileEncoding = 4; lastKnownFileType = sourcecode.c.h; path = AtomPainterGL.h; sourceTree = "<group>"; };
		1A9985324924956166DBB55F /* AtomJSZRender.h */ = {isa = PBXFileReference; fileEncoding = 4; lastKnownFileType = sourcecode.c.h; path = AtomJSZRender.h; sourceTree = "<group>"; };
		1A99854BF966DBE4F036DD75 /* JSTimers.js */ = {isa = PBXFileReference; fileEncoding = 4; lastKnownFileType = sourcecode.javascript; path = JSTimers.js; sourceTree = "<group>"; };
		1A99855DD9FB6154F797DEB0 /* ThreadTimer.h */ = {isa = PBXFileReference; fileEncoding = 4; lastKnownFileType = sourcecode.c.h; path = ThreadTimer.h; sourceTree = "<group>"; };
		1A9985898213D9D4D7B2488F /* GraphicsPage.cpp */ = {isa = PBXFileReference; fileEncoding = 4; lastKnownFileType = sourcecode.cpp.cpp; path = GraphicsPage.cpp; sourceTree = "<group>"; };
		1A9985A69E08E9FD1D30C74B /* AppDelegate.m */ = {isa = PBXFileReference; fileEncoding = 4; lastKnownFileType = sourcecode.c.objc; path = AppDelegate.m; sourceTree = "<group>"; };
		1A9985DA85B948D4E4A1FD6D /* Mat4.h */ = {isa = PBXFileReference; fileEncoding = 4; lastKnownFileType = sourcecode.c.h; path = Mat4.h; sourceTree = "<group>"; };
		1A99864104427B314D52045D /* AtomNode.cpp */ = {isa = PBXFileReference; fileEncoding = 4; lastKnownFileType = sourcecode.cpp.cpp; path = AtomNode.cpp; sourceTree = "<group>"; };
		1A99864293F0D75B672D5A98 /* ScriptTimer.h */ = {isa = PBXFileReference; fileEncoding = 4; lastKnownFileType = sourcecode.c.h; path = ScriptTimer.h; sourceTree = "<group>"; };
		1A998673656061480EA8B199 /* PlatformLayerCA.h */ = {isa = PBXFileReference; fileEncoding = 4; lastKnownFileType = sourcecode.c.h; path = PlatformLayerCA.h; sourceTree = "<group>"; };
		1A99869CA0AA056B3CF3322C /* RequestAnimationCallback.h */ = {isa = PBXFileReference; fileEncoding = 4; lastKnownFileType = sourcecode.c.h; path = RequestAnimationCallback.h; sourceTree = "<group>"; };
		1A9986A2E6E92C59371FC362 /* DisplayLink.h */ = {isa = PBXFileReference; fileEncoding = 4; lastKnownFileType = sourcecode.c.h; path = DisplayLink.h; sourceTree = "<group>"; };
		1A9986A6847592198799BAA6 /* GraphicsLayerBackingStoreCG.mm */ = {isa = PBXFileReference; fileEncoding = 4; lastKnownFileType = sourcecode.cpp.objcpp; path = GraphicsLayerBackingStoreCG.mm; sourceTree = "<group>"; };
		1A9986FFD12DB9D1C1F977F0 /* AtomMathBase.h */ = {isa = PBXFileReference; fileEncoding = 4; lastKnownFileType = sourcecode.c.h; path = AtomMathBase.h; sourceTree = "<group>"; };
		1A99879322BD7F6D0BED8EDD /* PlatformLayerCAEAGL.h */ = {isa = PBXFileReference; fileEncoding = 4; lastKnownFileType = sourcecode.c.h; path = PlatformLayerCAEAGL.h; sourceTree = "<group>"; };
		1A9987B59B1481B73FD97A5D /* MathUtil.cpp */ = {isa = PBXFileReference; fileEncoding = 4; lastKnownFileType = sourcecode.cpp.cpp; path = MathUtil.cpp; sourceTree = "<group>"; };
		1A9987C6FCD948DBF343EF91 /* ChartGroupView.mm */ = {isa = PBXFileReference; fileEncoding = 4; lastKnownFileType = sourcecode.cpp.objcpp; path = ChartGroupView.mm; sourceTree = "<group>"; };
		1A9987CE809CA131914BD026 /* AtomCanvasGradient.cpp */ = {isa = PBXFileReference; fileEncoding = 4; lastKnownFileType = sourcecode.cpp.cpp; path = AtomCanvasGradient.cpp; sourceTree = "<group>"; };
		1A9987D90FD08DE72DC96D9D /* AtomPainterGL.cpp */ = {isa = PBXFileReference; fileEncoding = 4; lastKnownFileType = sourcecode.cpp.cpp; path = AtomPainterGL.cpp; sourceTree = "<group>"; };
		1A9988169785B9DAF9643495 /* AtomMath.h */ = {isa = PBXFileReference; fileEncoding = 4; lastKnownFileType = sourcecode.c.h; path = AtomMath.h; sourceTree = "<group>"; };
		1A9988226FE916CB8550B3C9 /* Vec3.inl */ = {isa = PBXFileReference; lastKnownFileType = file.inl; path = Vec3.inl; sourceTree = "<group>"; };
		1A99883A01372BD3A64EBC25 /* GraphicsThread.h */ = {isa = PBXFileReference; fileEncoding = 4; lastKnownFileType = sourcecode.c.h; path = GraphicsThread.h; sourceTree = "<group>"; };
		1A99884E16D42C08BFBF817D /* ImageBufferCG.h */ = {isa = PBXFileReference; fileEncoding = 4; lastKnownFileType = sourcecode.c.h; path = ImageBufferCG.h; sourceTree = "<group>"; };
		1A998861AB1BE20898397278 /* AtomCanvasContext2D.h */ = {isa = PBXFileReference; fileEncoding = 4; lastKnownFileType = sourcecode.c.h; path = AtomCanvasContext2D.h; sourceTree = "<group>"; };
		1A99886B4A93C93EAC50421B /* GraphicsLayerGCanvas.cpp */ = {isa = PBXFileReference; fileEncoding = 4; lastKnownFileType = sourcecode.cpp.cpp; path = GraphicsLayerGCanvas.cpp; sourceTree = "<group>"; };
		1A998890024E1A15C2A6628F /* Timer.mm */ = {isa = PBXFileReference; fileEncoding = 4; lastKnownFileType = sourcecode.cpp.objcpp; path = Timer.mm; sourceTree = "<group>"; };
		1A998893DE6BADDEF1608D78 /* ViewController.h */ = {isa = PBXFileReference; fileEncoding = 4; lastKnownFileType = sourcecode.c.h; path = ViewController.h; sourceTree = "<group>"; };
		1A998894A04352BDEC9C21D9 /* AtomCanvasNode.h */ = {isa = PBXFileReference; fileEncoding = 4; lastKnownFileType = sourcecode.c.h; path = AtomCanvasNode.h; sourceTree = "<group>"; };
		1A99889DC6C71E7B503098C1 /* AtomCanvasContext2dCG.mm */ = {isa = PBXFileReference; fileEncoding = 4; lastKnownFileType = sourcecode.cpp.objcpp; path = AtomCanvasContext2dCG.mm; sourceTree = "<group>"; };
		1A9988A30605319F1F139A29 /* AtomJavaScriptCore.mm */ = {isa = PBXFileReference; fileEncoding = 4; lastKnownFileType = sourcecode.cpp.objcpp; path = AtomJavaScriptCore.mm; sourceTree = "<group>"; };
		1A9988BE4FE6733D271109BC /* CanvasContextJavaScriptInterface.mm */ = {isa = PBXFileReference; fileEncoding = 4; lastKnownFileType = sourcecode.cpp.objcpp; path = CanvasContextJavaScriptInterface.mm; sourceTree = "<group>"; };
		1A9988D2F6066A14E369F78C /* AtomCanvasContextBase.h */ = {isa = PBXFileReference; fileEncoding = 4; lastKnownFileType = sourcecode.c.h; path = AtomCanvasContextBase.h; sourceTree = "<group>"; };
		1A9988E2E453EB7EB4E05351 /* RefCount.h */ = {isa = PBXFileReference; fileEncoding = 4; lastKnownFileType = sourcecode.c.h; path = RefCount.h; sourceTree = "<group>"; };
		1A9988F0871AFD56CB529643 /* AtomGCanvasContext2D.mm */ = {isa = PBXFileReference; fileEncoding = 4; lastKnownFileType = sourcecode.cpp.objcpp; path = AtomGCanvasContext2D.mm; sourceTree = "<group>"; };
		1A9988FCAF8188A7DF16D7E3 /* Vec2.cpp */ = {isa = PBXFileReference; fileEncoding = 4; lastKnownFileType = sourcecode.cpp.cpp; path = Vec2.cpp; sourceTree = "<group>"; };
		1A9989149E478D5E29D07B1B /* MathUtilNeon.inl */ = {isa = PBXFileReference; lastKnownFileType = file.inl; path = MathUtilNeon.inl; sourceTree = "<group>"; };
		1A998929B0FEC683C28A3B21 /* AtomPath.h */ = {isa = PBXFileReference; fileEncoding = 4; lastKnownFileType = sourcecode.c.h; path = AtomPath.h; sourceTree = "<group>"; };
		1A99893FBF3AE387E9C78E37 /* AppDelegate.h */ = {isa = PBXFileReference; fileEncoding = 4; lastKnownFileType = sourcecode.c.h; path = AppDelegate.h; sourceTree = "<group>"; };
		1A9989595CA6880EBFE91E70 /* GraphicsLayer.h */ = {isa = PBXFileReference; fileEncoding = 4; lastKnownFileType = sourcecode.c.h; path = GraphicsLayer.h; sourceTree = "<group>"; };
		1A998960AFEC261525C95624 /* AtomPainter.cpp */ = {isa = PBXFileReference; fileEncoding = 4; lastKnownFileType = sourcecode.cpp.cpp; path = AtomPainter.cpp; sourceTree = "<group>"; };
		1A99897E27AE3CD6B3BFC364 /* TimerManager.cpp */ = {isa = PBXFileReference; fileEncoding = 4; lastKnownFileType = sourcecode.cpp.cpp; path = TimerManager.cpp; sourceTree = "<group>"; };
		1A99898E53D10B80F4602D7D /* Vec3.cpp */ = {isa = PBXFileReference; fileEncoding = 4; lastKnownFileType = sourcecode.cpp.cpp; path = Vec3.cpp; sourceTree = "<group>"; };
		1A9989B4A8083E50A807D33B /* Vec3.h */ = {isa = PBXFileReference; fileEncoding = 4; lastKnownFileType = sourcecode.c.h; path = Vec3.h; sourceTree = "<group>"; };
		1A9989BBC8CE3897B3C6B40A /* Quaternion.h */ = {isa = PBXFileReference; fileEncoding = 4; lastKnownFileType = sourcecode.c.h; path = Quaternion.h; sourceTree = "<group>"; };
		1A9989E16FCAB2C06F825CE7 /* AtomGCanvasNode.cpp */ = {isa = PBXFileReference; fileEncoding = 4; lastKnownFileType = sourcecode.cpp.cpp; path = AtomGCanvasNode.cpp; sourceTree = "<group>"; };
		1A9989E327CBF901C6006081 /* AtomRef.h */ = {isa = PBXFileReference; fileEncoding = 4; lastKnownFileType = sourcecode.c.h; path = AtomRef.h; sourceTree = "<group>"; };
		1A998A00A17BF121099ADF0C /* AtomCanvasContext3D.cpp */ = {isa = PBXFileReference; fileEncoding = 4; lastKnownFileType = sourcecode.cpp.cpp; path = AtomCanvasContext3D.cpp; sourceTree = "<group>"; };
		1A998A233CFC9DECE7A79D67 /* RequestAnimationCallback.cpp */ = {isa = PBXFileReference; fileEncoding = 4; lastKnownFileType = sourcecode.cpp.cpp; path = RequestAnimationCallback.cpp; sourceTree = "<group>"; };
		1A998A29257BAA8169306F52 /* core.js */ = {isa = PBXFileReference; fileEncoding = 4; lastKnownFileType = sourcecode.javascript; path = core.js; sourceTree = "<group>"; };
		1A998A684BAA79B67A82D918 /* CanvasJavaScriptInterface.mm */ = {isa = PBXFileReference; fileEncoding = 4; lastKnownFileType = sourcecode.cpp.objcpp; path = CanvasJavaScriptInterface.mm; sourceTree = "<group>"; };
		1A998A81A6F8C05EEA2ED88A /* AtomRef.cpp */ = {isa = PBXFileReference; fileEncoding = 4; lastKnownFileType = sourcecode.cpp.cpp; path = AtomRef.cpp; sourceTree = "<group>"; };
		1A998A8857362B974B5581D2 /* GraphicsContext.h */ = {isa = PBXFileReference; fileEncoding = 4; lastKnownFileType = sourcecode.c.h; path = GraphicsContext.h; sourceTree = "<group>"; };
		1A998A8C6C294E38FEA18938 /* GraphicsLayerBackingStore.cpp */ = {isa = PBXFileReference; fileEncoding = 4; lastKnownFileType = sourcecode.cpp.cpp; path = GraphicsLayerBackingStore.cpp; sourceTree = "<group>"; };
		1A998AB5F911BE743F15B14B /* GraphicsPageManager.cpp */ = {isa = PBXFileReference; fileEncoding = 4; lastKnownFileType = sourcecode.cpp.cpp; path = GraphicsPageManager.cpp; sourceTree = "<group>"; };
		1A998ABA63935A39076F785B /* GraphicsPageContext.h */ = {isa = PBXFileReference; fileEncoding = 4; lastKnownFileType = sourcecode.c.h; path = GraphicsPageContext.h; sourceTree = "<group>"; };
		1A998AF876A3F084E4ED00C2 /* AtomPlatformConfig.h */ = {isa = PBXFileReference; fileEncoding = 4; lastKnownFileType = sourcecode.c.h; path = AtomPlatformConfig.h; sourceTree = "<group>"; };
		1A998B135AD30EFE1BA77533 /* GraphicsThread.mm */ = {isa = PBXFileReference; fileEncoding = 4; lastKnownFileType = sourcecode.cpp.objcpp; path = GraphicsThread.mm; sourceTree = "<group>"; };
		1A998B4209460B298076EE0C /* GraphicsLayer.cpp */ = {isa = PBXFileReference; fileEncoding = 4; lastKnownFileType = sourcecode.cpp.cpp; path = GraphicsLayer.cpp; sourceTree = "<group>"; };
		1A998B60FB90DF57F6F51821 /* AtomGeometry.h */ = {isa = PBXFileReference; fileEncoding = 4; lastKnownFileType = sourcecode.c.h; path = AtomGeometry.h; sourceTree = "<group>"; };
		1A998B677368DCDDD46F67A1 /* DisplayRefreshMonitorClient.h */ = {isa = PBXFileReference; fileEncoding = 4; lastKnownFileType = sourcecode.c.h; path = DisplayRefreshMonitorClient.h; sourceTree = "<group>"; };
		1A998BA37B5BF711ACA440B5 /* CanvasContextJavaScriptInterface.h */ = {isa = PBXFileReference; fileEncoding = 4; lastKnownFileType = sourcecode.c.h; path = CanvasContextJavaScriptInterface.h; sourceTree = "<group>"; };
		1A998BAABCC9FC1C0FBF3855 /* zrender.js */ = {isa = PBXFileReference; fileEncoding = 4; lastKnownFileType = sourcecode.javascript; path = zrender.js; sourceTree = "<group>"; };
		1A998BB01079B2D00FE8532C /* GraphicsPageContext.cpp */ = {isa = PBXFileReference; fileEncoding = 4; lastKnownFileType = sourcecode.cpp.cpp; path = GraphicsPageContext.cpp; sourceTree = "<group>"; };
		1A998BE68A138F600984D186 /* AtomCanvasGradient.h */ = {isa = PBXFileReference; fileEncoding = 4; lastKnownFileType = sourcecode.c.h; path = AtomCanvasGradient.h; sourceTree = "<group>"; };
		1A998BFD377242DAAA7CA57D /* AtomCanvasContextBase.cpp */ = {isa = PBXFileReference; fileEncoding = 4; lastKnownFileType = sourcecode.cpp.cpp; path = AtomCanvasContextBase.cpp; sourceTree = "<group>"; };
		1A998C1A4E3542C27DA30030 /* AtomCanvasPattern.cpp */ = {isa = PBXFileReference; fileEncoding = 4; lastKnownFileType = sourcecode.cpp.cpp; path = AtomCanvasPattern.cpp; sourceTree = "<group>"; };
		1A998C1B5E94686F6EE5C8D0 /* DisplayLinkCA.mm */ = {isa = PBXFileReference; fileEncoding = 4; lastKnownFileType = sourcecode.cpp.objcpp; path = DisplayLinkCA.mm; sourceTree = "<group>"; };
		1A998C360C40132BED528AA3 /* DisplayRefreshMonitor.h */ = {isa = PBXFileReference; fileEncoding = 4; lastKnownFileType = sourcecode.c.h; path = DisplayRefreshMonitor.h; sourceTree = "<group>"; };
		1A998C5367EADD330302E2AC /* AtomTimerBase.h */ = {isa = PBXFileReference; fileEncoding = 4; lastKnownFileType = sourcecode.c.h; path = AtomTimerBase.h; sourceTree = "<group>"; };
		1A998C59F221E7110CB6DC77 /* AtomGraphicsView.h */ = {isa = PBXFileReference; fileEncoding = 4; lastKnownFileType = sourcecode.c.h; path = AtomGraphicsView.h; sourceTree = "<group>"; };
		1A998C760470B7E6C4BFA34B /* DisplayRefreshMonitorClient.cpp */ = {isa = PBXFileReference; fileEncoding = 4; lastKnownFileType = sourcecode.cpp.cpp; path = DisplayRefreshMonitorClient.cpp; sourceTree = "<group>"; };
		1A998C7C25287D00B8B2BE9E /* AtomTypes.cpp */ = {isa = PBXFileReference; fileEncoding = 4; lastKnownFileType = sourcecode.cpp.cpp; path = AtomTypes.cpp; sourceTree = "<group>"; };
		1A998C886D27AD06CED65793 /* AtomGeometry.cpp */ = {isa = PBXFileReference; fileEncoding = 4; lastKnownFileType = sourcecode.cpp.cpp; path = AtomGeometry.cpp; sourceTree = "<group>"; };
		1A998CB2987EEAA30B3D4FA8 /* GraphicsPageManager.h */ = {isa = PBXFileReference; fileEncoding = 4; lastKnownFileType = sourcecode.c.h; path = GraphicsPageManager.h; sourceTree = "<group>"; };
		1A998CDB65B313F2DC9085F5 /* GraphicsContextCG.h */ = {isa = PBXFileReference; fileEncoding = 4; lastKnownFileType = sourcecode.c.h; path = GraphicsContextCG.h; sourceTree = "<group>"; };
		1A998CF27B229634588AB455 /* Mat4.cpp */ = {isa = PBXFileReference; fileEncoding = 4; lastKnownFileType = sourcecode.cpp.cpp; path = Mat4.cpp; sourceTree = "<group>"; };
		1A998CF59BC6C83C04C38D14 /* ScriptAnimationFrameController.h */ = {isa = PBXFileReference; fileEncoding = 4; lastKnownFileType = sourcecode.c.h; path = ScriptAnimationFrameController.h; sourceTree = "<group>"; };
		1A998CF76BDB6571BD21D8F1 /* GraphicsRunLoop.h */ = {isa = PBXFileReference; fileEncoding = 4; lastKnownFileType = sourcecode.c.h; path = GraphicsRunLoop.h; sourceTree = "<group>"; };
		1A998D4163B23C3526B4B1E9 /* AtomPainter.h */ = {isa = PBXFileReference; fileEncoding = 4; lastKnownFileType = sourcecode.c.h; path = AtomPainter.h; sourceTree = "<group>"; };
		1A998D4EAD821431E9005D51 /* MathUtilSSE.inl */ = {isa = PBXFileReference; lastKnownFileType = file.inl; path = MathUtilSSE.inl; sourceTree = "<group>"; };
		1A998D748BD770C59A81D3B6 /* ImageBufferCG.mm */ = {isa = PBXFileReference; fileEncoding = 4; lastKnownFileType = sourcecode.cpp.objcpp; path = ImageBufferCG.mm; sourceTree = "<group>"; };
		1A998D773D7222CDA5C5C4D3 /* GraphicsLayerGCanvas.h */ = {isa = PBXFileReference; fileEncoding = 4; lastKnownFileType = sourcecode.c.h; path = GraphicsLayerGCanvas.h; sourceTree = "<group>"; };
		1A998D943FF3E2F1458BF114 /* AtomCanvasNode.cpp */ = {isa = PBXFileReference; fileEncoding = 4; lastKnownFileType = sourcecode.cpp.cpp; path = AtomCanvasNode.cpp; sourceTree = "<group>"; };
		1A998DC90CE8C711F420F128 /* AtomNodeTree.h */ = {isa = PBXFileReference; fileEncoding = 4; lastKnownFileType = sourcecode.c.h; path = AtomNodeTree.h; sourceTree = "<group>"; };
		1A998DF3E124384E0C27267E /* Vec4.cpp */ = {isa = PBXFileReference; fileEncoding = 4; lastKnownFileType = sourcecode.cpp.cpp; path = Vec4.cpp; sourceTree = "<group>"; };
		1A998E065434A8FBA1D90BF9 /* AtomPath.cpp */ = {isa = PBXFileReference; fileEncoding = 4; lastKnownFileType = sourcecode.cpp.cpp; path = AtomPath.cpp; sourceTree = "<group>"; };
		1A998E0C274DF2D5C04BF3A4 /* AtomNode.h */ = {isa = PBXFileReference; fileEncoding = 4; lastKnownFileType = sourcecode.c.h; path = AtomNode.h; sourceTree = "<group>"; };
		1A998E12CEA0E4DD8E9A728E /* GraphicsLayerBackingStoreGCanvas.cpp */ = {isa = PBXFileReference; fileEncoding = 4; lastKnownFileType = sourcecode.cpp.cpp; path = GraphicsLayerBackingStoreGCanvas.cpp; sourceTree = "<group>"; };
		1A998E18B7FFA6728827A484 /* Vec4.inl */ = {isa = PBXFileReference; lastKnownFileType = file.inl; path = Vec4.inl; sourceTree = "<group>"; };
		1A998E328C18A21AE98EBC0C /* main.js */ = {isa = PBXFileReference; fileEncoding = 4; lastKnownFileType = sourcecode.javascript; path = main.js; sourceTree = "<group>"; };
		1A998E32C985B27631BC28FC /* AtomCanvasPattern.h */ = {isa = PBXFileReference; fileEncoding = 4; lastKnownFileType = sourcecode.c.h; path = AtomCanvasPattern.h; sourceTree = "<group>"; };
		1A998E34C023B05175D34A47 /* AtomTypes.h */ = {isa = PBXFileReference; fileEncoding = 4; lastKnownFileType = sourcecode.c.h; path = AtomTypes.h; sourceTree = "<group>"; };
		1A998E4E53564B5B56C24ED1 /* Mat4.inl */ = {isa = PBXFileReference; lastKnownFileType = file.inl; path = Mat4.inl; sourceTree = "<group>"; };
		1A998E7800937957B3067EF8 /* AtomCanvasContext3D.h */ = {isa = PBXFileReference; fileEncoding = 4; lastKnownFileType = sourcecode.c.h; path = AtomCanvasContext3D.h; sourceTree = "<group>"; };
		1A998E7F800CA5DB837E6267 /* FPSLabel.h */ = {isa = PBXFileReference; fileEncoding = 4; lastKnownFileType = sourcecode.c.h; path = FPSLabel.h; sourceTree = "<group>"; };
		1A998EAB42079481E9734A9A /* Vec2.inl */ = {isa = PBXFileReference; lastKnownFileType = file.inl; path = Vec2.inl; sourceTree = "<group>"; };
		1A998EAFBA5B3ABFDD61C5AD /* AtomGraphics.cpp */ = {isa = PBXFileReference; fileEncoding = 4; lastKnownFileType = sourcecode.cpp.cpp; path = AtomGraphics.cpp; sourceTree = "<group>"; };
		1A998EC14B86A4C821431B0C /* AtomJSTimer.h */ = {isa = PBXFileReference; fileEncoding = 4; lastKnownFileType = sourcecode.c.h; path = AtomJSTimer.h; sourceTree = "<group>"; };
		1A998EC89C0641776CAB7C91 /* AtomJSTimer.mm */ = {isa = PBXFileReference; fileEncoding = 4; lastKnownFileType = sourcecode.cpp.objcpp; path = AtomJSTimer.mm; sourceTree = "<group>"; };
		1A998EDE8FD2340F8944C070 /* GraphicsContentFlushController.mm */ = {isa = PBXFileReference; fileEncoding = 4; lastKnownFileType = sourcecode.cpp.objcpp; path = GraphicsContentFlushController.mm; sourceTree = "<group>"; };
		1A998EE44007E712AE9A1CEA /* AtomMacros.h */ = {isa = PBXFileReference; fileEncoding = 4; lastKnownFileType = sourcecode.c.h; path = AtomMacros.h; sourceTree = "<group>"; };
		1A998EEE7D022F3CA99902F6 /* ThreadTimer.mm */ = {isa = PBXFileReference; fileEncoding = 4; lastKnownFileType = sourcecode.cpp.objcpp; path = ThreadTimer.mm; sourceTree = "<group>"; };
		1A998F25ADBB3041384B2B22 /* GraphicsContextCG.mm */ = {isa = PBXFileReference; fileEncoding = 4; lastKnownFileType = sourcecode.cpp.objcpp; path = GraphicsContextCG.mm; sourceTree = "<group>"; };
		1A998F503EA1AF56218BB479 /* AtomCanvasContext2dCG.h */ = {isa = PBXFileReference; fileEncoding = 4; lastKnownFileType = sourcecode.c.h; path = AtomCanvasContext2dCG.h; sourceTree = "<group>"; };
		1A998F77CFAD49177EBED27E /* ImageBuffer.h */ = {isa = PBXFileReference; fileEncoding = 4; lastKnownFileType = sourcecode.c.h; path = ImageBuffer.h; sourceTree = "<group>"; };
		1A998FC25A2587955C33435B /* FPSLabel.m */ = {isa = PBXFileReference; fileEncoding = 4; lastKnownFileType = sourcecode.c.objc; path = FPSLabel.m; sourceTree = "<group>"; };
		1A998FCA0666D2CE7EBEEFC3 /* Vec2.h */ = {isa = PBXFileReference; fileEncoding = 4; lastKnownFileType = sourcecode.c.h; path = Vec2.h; sourceTree = "<group>"; };
		1A998FDA47704E5A580A882D /* GraphicsPage.h */ = {isa = PBXFileReference; fileEncoding = 4; lastKnownFileType = sourcecode.c.h; path = GraphicsPage.h; sourceTree = "<group>"; };
		1A998FFBDA91D84AFF28ED16 /* GraphicsContentFlushController.h */ = {isa = PBXFileReference; fileEncoding = 4; lastKnownFileType = sourcecode.c.h; path = GraphicsContentFlushController.h; sourceTree = "<group>"; };
		1CC970C7038B884F567F2DB6 /* AtomConvert.h */ = {isa = PBXFileReference; fileEncoding = 4; lastKnownFileType = sourcecode.c.h; path = AtomConvert.h; sourceTree = "<group>"; };
		1CC973E466E5991C83F451F0 /* AtomEncode.h */ = {isa = PBXFileReference; fileEncoding = 4; lastKnownFileType = sourcecode.c.h; path = AtomEncode.h; sourceTree = "<group>"; };
		1CC974E65FA13B71277A34AE /* AtomConvert.cpp */ = {isa = PBXFileReference; fileEncoding = 4; lastKnownFileType = sourcecode.cpp.cpp; path = AtomConvert.cpp; sourceTree = "<group>"; };
		1CC977EBBB9FCAB10B36BD77 /* AtomCanvasImage.cpp */ = {isa = PBXFileReference; fileEncoding = 4; lastKnownFileType = sourcecode.cpp.cpp; path = AtomCanvasImage.cpp; sourceTree = "<group>"; };
		1CC97A1B316B71D44FDB3FA4 /* AtomCanvasFillStyle.h */ = {isa = PBXFileReference; fileEncoding = 4; lastKnownFileType = sourcecode.c.h; path = AtomCanvasFillStyle.h; sourceTree = "<group>"; };
		1CC97B4A84DA9D831A274508 /* AtomCanvasImageData.h */ = {isa = PBXFileReference; fileEncoding = 4; lastKnownFileType = sourcecode.c.h; path = AtomCanvasImageData.h; sourceTree = "<group>"; };
		1CC97D024576703F96E1281C /* AtomEncode.cpp */ = {isa = PBXFileReference; fileEncoding = 4; lastKnownFileType = sourcecode.cpp.cpp; path = AtomEncode.cpp; sourceTree = "<group>"; };
		1CC97DE98AABED4038A6B46E /* AtomCanvasImage.h */ = {isa = PBXFileReference; fileEncoding = 4; lastKnownFileType = sourcecode.c.h; path = AtomCanvasImage.h; sourceTree = "<group>"; };
		1CC97EBB0B8859691B232457 /* AtomCanvasImageData.cpp */ = {isa = PBXFileReference; fileEncoding = 4; lastKnownFileType = sourcecode.cpp.cpp; path = AtomCanvasImageData.cpp; sourceTree = "<group>"; };
		6260B2A056CF48662A2CD126 /* Pods-AtomGraphics.release.xcconfig */ = {isa = PBXFileReference; includeInIndex = 1; lastKnownFileType = text.xcconfig; name = "Pods-AtomGraphics.release.xcconfig"; path = "Pods/Target Support Files/Pods-AtomGraphics/Pods-AtomGraphics.release.xcconfig"; sourceTree = "<group>"; };
		B50FC4C9207DD72400AA1FDF /* JavaScriptCore.framework */ = {isa = PBXFileReference; lastKnownFileType = wrapper.framework; name = JavaScriptCore.framework; path = System/Library/Frameworks/JavaScriptCore.framework; sourceTree = SDKROOT; };
		B59FAB121FBC2B8500417328 /* AtomGraphics.app */ = {isa = PBXFileReference; explicitFileType = wrapper.application; includeInIndex = 0; path = AtomGraphics.app; sourceTree = BUILT_PRODUCTS_DIR; };
		B5A4D32A206115BA001DAABD /* main.m */ = {isa = PBXFileReference; fileEncoding = 4; lastKnownFileType = sourcecode.c.objc; path = main.m; sourceTree = "<group>"; };
		B5A4D341206130A8001DAABD /* Assets.xcassets */ = {isa = PBXFileReference; lastKnownFileType = folder.assetcatalog; path = Assets.xcassets; sourceTree = "<group>"; };
		C1BB2E46AD0B51AB328CE854 /* libPods-AtomGraphics.a */ = {isa = PBXFileReference; explicitFileType = archive.ar; includeInIndex = 0; path = "libPods-AtomGraphics.a"; sourceTree = BUILT_PRODUCTS_DIR; };
/* End PBXFileReference section */

/* Begin PBXFrameworksBuildPhase section */
		B59FAB0F1FBC2B8500417328 /* Frameworks */ = {
			isa = PBXFrameworksBuildPhase;
			buildActionMask = 2147483647;
			files = (
				B50FC4CA207DD72400AA1FDF /* JavaScriptCore.framework in Frameworks */,
				D404E54421CC6AB7F186978F /* libPods-AtomGraphics.a in Frameworks */,
			);
			runOnlyForDeploymentPostprocessing = 0;
		};
/* End PBXFrameworksBuildPhase section */

/* Begin PBXGroup section */
		07ED689769B1354224209A79 /* Frameworks */ = {
			isa = PBXGroup;
			children = (
				B50FC4C9207DD72400AA1FDF /* JavaScriptCore.framework */,
				C1BB2E46AD0B51AB328CE854 /* libPods-AtomGraphics.a */,
			);
			name = Frameworks;
			sourceTree = "<group>";
		};
		1A99816D380B4706F5449368 /* math */ = {
			isa = PBXGroup;
			children = (
				1A998FCA0666D2CE7EBEEFC3 /* Vec2.h */,
				1A9988FCAF8188A7DF16D7E3 /* Vec2.cpp */,
				1A998EAB42079481E9734A9A /* Vec2.inl */,
				1A998B60FB90DF57F6F51821 /* AtomGeometry.h */,
				1A998C886D27AD06CED65793 /* AtomGeometry.cpp */,
				1A9988169785B9DAF9643495 /* AtomMath.h */,
				1A9986FFD12DB9D1C1F977F0 /* AtomMathBase.h */,
				1A99898E53D10B80F4602D7D /* Vec3.cpp */,
				1A9989B4A8083E50A807D33B /* Vec3.h */,
				1A9988226FE916CB8550B3C9 /* Vec3.inl */,
				1A998DF3E124384E0C27267E /* Vec4.cpp */,
				1A9983AAFE3EEBF086E0B86D /* Vec4.h */,
				1A998E18B7FFA6728827A484 /* Vec4.inl */,
				1A998CF27B229634588AB455 /* Mat4.cpp */,
				1A9985DA85B948D4E4A1FD6D /* Mat4.h */,
				1A998E4E53564B5B56C24ED1 /* Mat4.inl */,
				1A9987B59B1481B73FD97A5D /* MathUtil.cpp */,
				1A998401E71DECEC26A40B3A /* MathUtil.h */,
				1A9989149E478D5E29D07B1B /* MathUtilNeon.inl */,
				1A99817FE3A8D2EF5C952760 /* Quaternion.cpp */,
				1A9989BBC8CE3897B3C6B40A /* Quaternion.h */,
				1A9981F3E363D720195B5984 /* Quaternion.inl */,
				1A998D4EAD821431E9005D51 /* MathUtilSSE.inl */,
				1A9980B8AE8B3CE5BA5F4C0B /* MathUtil.inl */,
				1A9980D81A0C9C376D3C2078 /* MathUtilNeon64.inl */,
			);
			path = math;
			sourceTree = "<group>";
		};
		1A9981E78452E2FF091D6518 /* js */ = {
			isa = PBXGroup;
			children = (
				1A998A29257BAA8169306F52 /* core.js */,
				1A99854BF966DBE4F036DD75 /* JSTimers.js */,
				1A998BAABCC9FC1C0FBF3855 /* zrender.js */,
			);
			path = js;
			sourceTree = "<group>";
		};
		1A9981F715342142B4D9A310 /* ios */ = {
			isa = PBXGroup;
			children = (
				1A9982A4482115419A812A78 /* GraphicsLayerBackingStoreCG.h */,
				1A998C1B5E94686F6EE5C8D0 /* DisplayLinkCA.mm */,
				1A998F25ADBB3041384B2B22 /* GraphicsContextCG.mm */,
				1A9983CA99751AEEEDA9E40D /* GraphicsLayerCG.mm */,
				1A99810D239A0ADDFDF80ECD /* GraphicsLayerCG.h */,
				1A998CDB65B313F2DC9085F5 /* GraphicsContextCG.h */,
				1A99820A70ECAAB79EE97761 /* GraphicsLayerBackingStoreGCanvas.mm */,
				1A99879322BD7F6D0BED8EDD /* PlatformLayerCAEAGL.h */,
				1A998314166438D5856EECDF /* DisplayLinkCA.h */,
				1A998673656061480EA8B199 /* PlatformLayerCA.h */,
				1A998EDE8FD2340F8944C070 /* GraphicsContentFlushController.mm */,
				1A9986A6847592198799BAA6 /* GraphicsLayerBackingStoreCG.mm */,
				1A99838A38ADA855A31EFF9C /* AtomGCanvasEAGLLayer.mm */,
				1A9988F0871AFD56CB529643 /* AtomGCanvasContext2D.mm */,
				1A9983B5D8692247251D445F /* AtomGCanvasEAGLLayer.h */,
			);
			path = ios;
			sourceTree = "<group>";
		};
		1A99823B00D52E5BCC471FF1 /* graphics */ = {
			isa = PBXGroup;
			children = (
				1A998960AFEC261525C95624 /* AtomPainter.cpp */,
				1A998D4163B23C3526B4B1E9 /* AtomPainter.h */,
				1A99806A46AE94BF7B094252 /* AtomImageProvider.cpp */,
				1A9981F3C592369BDC942475 /* AtomImageProvider.h */,
				1A9987D90FD08DE72DC96D9D /* AtomPainterGL.cpp */,
				1A9985301F95DA0505BB1D16 /* AtomPainterGL.h */,
				1A998E065434A8FBA1D90BF9 /* AtomPath.cpp */,
				1A998929B0FEC683C28A3B21 /* AtomPath.h */,
				1A998F77CFAD49177EBED27E /* ImageBuffer.h */,
				1A998A8857362B974B5581D2 /* GraphicsContext.h */,
				1A998B4209460B298076EE0C /* GraphicsLayer.cpp */,
				1A9989595CA6880EBFE91E70 /* GraphicsLayer.h */,
				1A9984C2D203240C0A2B1DC3 /* GraphicsLayerBackingStore.h */,
				1A998A8C6C294E38FEA18938 /* GraphicsLayerBackingStore.cpp */,
				1A99830AB2530E1C42F38539 /* GraphicsContentFlushController.cpp */,
				1A998C760470B7E6C4BFA34B /* DisplayRefreshMonitorClient.cpp */,
				1A998243571CCD3D53AC4875 /* DisplayRefreshMonitor.cpp */,
				1A998B677368DCDDD46F67A1 /* DisplayRefreshMonitorClient.h */,
				1A998C360C40132BED528AA3 /* DisplayRefreshMonitor.h */,
				1A9986A2E6E92C59371FC362 /* DisplayLink.h */,
				1A998FDA47704E5A580A882D /* GraphicsPage.h */,
				1A9985898213D9D4D7B2488F /* GraphicsPage.cpp */,
				1A998AB5F911BE743F15B14B /* GraphicsPageManager.cpp */,
				1A998CB2987EEAA30B3D4FA8 /* GraphicsPageManager.h */,
				1A9980083AFC24DCC296DC0B /* PlatformLayer.h */,
				1A99886B4A93C93EAC50421B /* GraphicsLayerGCanvas.cpp */,
				1A998D773D7222CDA5C5C4D3 /* GraphicsLayerGCanvas.h */,
				1A998E12CEA0E4DD8E9A728E /* GraphicsLayerBackingStoreGCanvas.cpp */,
				1A99829AF52F9E0B80A55F2C /* GraphicsLayerBackingStoreGCanvas.h */,
				1A998FFBDA91D84AFF28ED16 /* GraphicsContentFlushController.h */,
				1A9981F715342142B4D9A310 /* ios */,
				1A998002BFDF856620C0A6DB /* DisplayLink.cpp */,
				1A998BB01079B2D00FE8532C /* GraphicsPageContext.cpp */,
				1A998ABA63935A39076F785B /* GraphicsPageContext.h */,
			);
			path = graphics;
			sourceTree = "<group>";
		};
		1A9982FAFA542D4C53142295 /* Classes */ = {
			isa = PBXGroup;
			children = (
				1A99893FBF3AE387E9C78E37 /* AppDelegate.h */,
				1A9985A69E08E9FD1D30C74B /* AppDelegate.m */,
				1A998893DE6BADDEF1608D78 /* ViewController.h */,
				1A9981F2FA75E281E8C76D35 /* ViewController.m */,
				1A998FC25A2587955C33435B /* FPSLabel.m */,
				1A998E7F800CA5DB837E6267 /* FPSLabel.h */,
				1A9987C6FCD948DBF343EF91 /* ChartGroupView.mm */,
				1A9981AFF8BC02EBC51A9620 /* ChartGroupView.h */,
			);
			path = Classes;
			sourceTree = "<group>";
		};
		1A9983CFF6C0C5E732B615AD /* base */ = {
			isa = PBXGroup;
			children = (
				1A9989E327CBF901C6006081 /* AtomRef.h */,
				1A998A81A6F8C05EEA2ED88A /* AtomRef.cpp */,
				1A998EE44007E712AE9A1CEA /* AtomMacros.h */,
				1A998C7C25287D00B8B2BE9E /* AtomTypes.cpp */,
				1A998E34C023B05175D34A47 /* AtomTypes.h */,
				1A9988E2E453EB7EB4E05351 /* RefCount.h */,
				1A998C5367EADD330302E2AC /* AtomTimerBase.h */,
				1CC97D024576703F96E1281C /* AtomEncode.cpp */,
				1CC973E466E5991C83F451F0 /* AtomEncode.h */,
				1CC974E65FA13B71277A34AE /* AtomConvert.cpp */,
				1CC970C7038B884F567F2DB6 /* AtomConvert.h */,
			);
			path = base;
			sourceTree = "<group>";
		};
		1A9984DC4B6C2D5E120B451E /* platform */ = {
			isa = PBXGroup;
			children = (
				1A998D2B7965CB623FFD0844 /* ios */,
				1A998AF876A3F084E4ED00C2 /* AtomPlatformConfig.h */,
			);
			path = platform;
			sourceTree = "<group>";
		};
		1A998532C06E28D29A9E1A95 /* canvas */ = {
			isa = PBXGroup;
			children = (
				1A998D943FF3E2F1458BF114 /* AtomCanvasNode.cpp */,
				1A998894A04352BDEC9C21D9 /* AtomCanvasNode.h */,
				1A9981FAC37CB043F245177D /* AtomCanvasContext2D.cpp */,
				1A998861AB1BE20898397278 /* AtomCanvasContext2D.h */,
				1A998A00A17BF121099ADF0C /* AtomCanvasContext3D.cpp */,
				1A998E7800937957B3067EF8 /* AtomCanvasContext3D.h */,
				1A9987CE809CA131914BD026 /* AtomCanvasGradient.cpp */,
				1A998BE68A138F600984D186 /* AtomCanvasGradient.h */,
				1A998C1A4E3542C27DA30030 /* AtomCanvasPattern.cpp */,
				1A998E32C985B27631BC28FC /* AtomCanvasPattern.h */,
				1A998BFD377242DAAA7CA57D /* AtomCanvasContextBase.cpp */,
				1A9988D2F6066A14E369F78C /* AtomCanvasContextBase.h */,
				1A998231A84CD7F62B600213 /* AtomGCanvasNode.h */,
				1A9989E16FCAB2C06F825CE7 /* AtomGCanvasNode.cpp */,
				1CC97A1B316B71D44FDB3FA4 /* AtomCanvasFillStyle.h */,
				1CC977EBBB9FCAB10B36BD77 /* AtomCanvasImage.cpp */,
				1CC97DE98AABED4038A6B46E /* AtomCanvasImage.h */,
				1CC97EBB0B8859691B232457 /* AtomCanvasImageData.cpp */,
				1CC97B4A84DA9D831A274508 /* AtomCanvasImageData.h */,
				1A99809F4A0387C4913BE053 /* AtomGCanvasContext2D.h */,
				1A9982A22148A15115021D74 /* AtomGCanvasContext2D.cpp */,
			);
			path = canvas;
			sourceTree = "<group>";
		};
		1A9985873577C6C63724A514 /* ios */ = {
			isa = PBXGroup;
			children = (
				1A9980AFDACEB55AF12ED12B /* AtomJavaScriptCore.h */,
				1A9988A30605319F1F139A29 /* AtomJavaScriptCore.mm */,
				1A9983889298EA00DF1B2F06 /* AtomJSZRender.m */,
				1A998EC14B86A4C821431B0C /* AtomJSTimer.h */,
				1A998EC89C0641776CAB7C91 /* AtomJSTimer.mm */,
				1A99823AF29219ABF4ECA6D7 /* CanvasJavaScriptInterface.h */,
				1A998A684BAA79B67A82D918 /* CanvasJavaScriptInterface.mm */,
				1A9985324924956166DBB55F /* AtomJSZRender.h */,
				1A998BA37B5BF711ACA440B5 /* CanvasContextJavaScriptInterface.h */,
				1A9988BE4FE6733D271109BC /* CanvasContextJavaScriptInterface.mm */,
			);
			path = ios;
			sourceTree = "<group>";
		};
		1A99866A2B107DAC207E78F5 /* javascript */ = {
			isa = PBXGroup;
			children = (
				1A9981E78452E2FF091D6518 /* js */,
				1A99869CA0AA056B3CF3322C /* RequestAnimationCallback.h */,
				1A998A233CFC9DECE7A79D67 /* RequestAnimationCallback.cpp */,
				1A998135063DA0233E0AF3E2 /* ScriptAnimationFrameController.cpp */,
				1A998CF59BC6C83C04C38D14 /* ScriptAnimationFrameController.h */,
				1A998492364E981FF3FF9A4E /* ScriptTimer.cpp */,
				1A99864293F0D75B672D5A98 /* ScriptTimer.h */,
				1A9985873577C6C63724A514 /* ios */,
			);
			path = javascript;
			sourceTree = "<group>";
		};
		1A9988445D27B05EAF6CEA17 /* ios */ = {
			isa = PBXGroup;
			children = (
				1A998B135AD30EFE1BA77533 /* GraphicsThread.mm */,
				1A998EEE7D022F3CA99902F6 /* ThreadTimer.mm */,
				1A998411C73FF519002D7045 /* GraphicsRunLoop.mm */,
				1A998890024E1A15C2A6628F /* Timer.mm */,
				1A99897E27AE3CD6B3BFC364 /* TimerManager.cpp */,
				1A998255B0D0E5A0A92469C7 /* TimerManager.h */,
			);
			path = ios;
			sourceTree = "<group>";
		};
		1A99889F820E7AA650B79543 /* thread */ = {
			isa = PBXGroup;
			children = (
				1A99800E75C7F7A6280AA129 /* Timer.h */,
				1A99855DD9FB6154F797DEB0 /* ThreadTimer.h */,
				1A99883A01372BD3A64EBC25 /* GraphicsThread.h */,
				1A9988445D27B05EAF6CEA17 /* ios */,
				1A998CF76BDB6571BD21D8F1 /* GraphicsRunLoop.h */,
			);
			path = thread;
			sourceTree = "<group>";
		};
		1A998AEC494353D909EA0E46 /* CG */ = {
			isa = PBXGroup;
			children = (
				1A998F503EA1AF56218BB479 /* AtomCanvasContext2dCG.h */,
				1A9984AC6B692D235D63C632 /* AtomCanvasNodeCG.h */,
				1A998D748BD770C59A81D3B6 /* ImageBufferCG.mm */,
				1A99884E16D42C08BFBF817D /* ImageBufferCG.h */,
				1A9980B8A0AB70C7918429E1 /* AtomCanvasNodeCG.mm */,
				1A99889DC6C71E7B503098C1 /* AtomCanvasContext2dCG.mm */,
			);
			path = CG;
			sourceTree = "<group>";
		};
		1A998C1AF3A8A32899F551CD /* Resources */ = {
			isa = PBXGroup;
			children = (
				1A998E328C18A21AE98EBC0C /* main.js */,
			);
			path = Resources;
			sourceTree = "<group>";
		};
		1A998D03C782C35D6EB4AE72 /* AtomGraphics */ = {
			isa = PBXGroup;
			children = (
				1A9983CFF6C0C5E732B615AD /* base */,
				1A99816D380B4706F5449368 /* math */,
				1A99805EBA0BFCC106E9A82C /* AtomGraphics.h */,
				1A998EAFBA5B3ABFDD61C5AD /* AtomGraphics.cpp */,
				1A9984DC4B6C2D5E120B451E /* platform */,
				1A99823B00D52E5BCC471FF1 /* graphics */,
				1A998DA4FF22A7D264D6BBCB /* node */,
				1A99866A2B107DAC207E78F5 /* javascript */,
				1A99889F820E7AA650B79543 /* thread */,
			);
			name = AtomGraphics;
			path = ../../AtomGraphics;
			sourceTree = "<group>";
		};
		1A998D2B7965CB623FFD0844 /* ios */ = {
			isa = PBXGroup;
			children = (
				1A998C59F221E7110CB6DC77 /* AtomGraphicsView.h */,
				1A9983AB6445D2B35FE4CCD2 /* AtomGraphicsView.mm */,
				1A9984247143F744A5460958 /* AtomPlatformDefine-ios.h */,
				1A998AEC494353D909EA0E46 /* CG */,
			);
			path = ios;
			sourceTree = "<group>";
		};
		1A998DA4FF22A7D264D6BBCB /* node */ = {
			isa = PBXGroup;
			children = (
				1A998532C06E28D29A9E1A95 /* canvas */,
				1A99864104427B314D52045D /* AtomNode.cpp */,
				1A998E0C274DF2D5C04BF3A4 /* AtomNode.h */,
				1A9982A66E515FBDBA7A3CEA /* AtomNodeTree.cpp */,
				1A998DC90CE8C711F420F128 /* AtomNodeTree.h */,
			);
			path = node;
			sourceTree = "<group>";
		};
		5D7A84AE4DDA8CCC84482FFA /* Pods */ = {
			isa = PBXGroup;
			children = (
				10AB47E74C21EDA168593FD4 /* Pods-AtomGraphics.debug.xcconfig */,
				6260B2A056CF48662A2CD126 /* Pods-AtomGraphics.release.xcconfig */,
			);
			name = Pods;
			sourceTree = "<group>";
		};
		B59FAB091FBC2B8500417328 = {
			isa = PBXGroup;
			children = (
				B5A4D341206130A8001DAABD /* Assets.xcassets */,
				B5A4D32A206115BA001DAABD /* main.m */,
				B59FAB131FBC2B8500417328 /* Products */,
				1A998D03C782C35D6EB4AE72 /* AtomGraphics */,
				1A9982FAFA542D4C53142295 /* Classes */,
				1A998C1AF3A8A32899F551CD /* Resources */,
				5D7A84AE4DDA8CCC84482FFA /* Pods */,
				07ED689769B1354224209A79 /* Frameworks */,
				1A9984C74D4C96BDB39ABEFD /* README.md */,
			);
			sourceTree = "<group>";
		};
		B59FAB131FBC2B8500417328 /* Products */ = {
			isa = PBXGroup;
			children = (
				B59FAB121FBC2B8500417328 /* AtomGraphics.app */,
			);
			name = Products;
			sourceTree = "<group>";
		};
/* End PBXGroup section */

/* Begin PBXNativeTarget section */
		B59FAB111FBC2B8500417328 /* AtomGraphics */ = {
			isa = PBXNativeTarget;
			buildConfigurationList = B59FAB281FBC2B8500417328 /* Build configuration list for PBXNativeTarget "AtomGraphics" */;
			buildPhases = (
				32D833FE0290563F86744EA0 /* [CP] Check Pods Manifest.lock */,
				B59FAB0E1FBC2B8500417328 /* Sources */,
				B59FAB0F1FBC2B8500417328 /* Frameworks */,
				B59FAB101FBC2B8500417328 /* Resources */,
			);
			buildRules = (
			);
			dependencies = (
			);
			name = AtomGraphics;
			productName = AtomGraphics;
			productReference = B59FAB121FBC2B8500417328 /* AtomGraphics.app */;
			productType = "com.apple.product-type.application";
		};
/* End PBXNativeTarget section */

/* Begin PBXProject section */
		B59FAB0A1FBC2B8500417328 /* Project object */ = {
			isa = PBXProject;
			attributes = {
				LastUpgradeCheck = 0910;
				ORGANIZATIONNAME = neo;
				TargetAttributes = {
					B59FAB111FBC2B8500417328 = {
						CreatedOnToolsVersion = 9.1;
						ProvisioningStyle = Automatic;
					};
				};
			};
			buildConfigurationList = B59FAB0D1FBC2B8500417328 /* Build configuration list for PBXProject "AtomGraphics" */;
			compatibilityVersion = "Xcode 8.0";
			developmentRegion = en;
			hasScannedForEncodings = 0;
			knownRegions = (
				en,
				Base,
			);
			mainGroup = B59FAB091FBC2B8500417328;
			productRefGroup = B59FAB131FBC2B8500417328 /* Products */;
			projectDirPath = "";
			projectRoot = "";
			targets = (
				B59FAB111FBC2B8500417328 /* AtomGraphics */,
			);
		};
/* End PBXProject section */

/* Begin PBXResourcesBuildPhase section */
		B59FAB101FBC2B8500417328 /* Resources */ = {
			isa = PBXResourcesBuildPhase;
			buildActionMask = 2147483647;
			files = (
				B5C75B9921097E52004B8670 /* core.js in Resources */,
				B5C75B9A21097E52004B8670 /* JSTimers.js in Resources */,
				B5C75B9C21097E52004B8670 /* zrender.js in Resources */,
				B58E5C87207E00D700186D59 /* main.js in Resources */,
				B5A4D342206130A8001DAABD /* Assets.xcassets in Resources */,
				1A9981C1D6BEBCC4B1F42800 /* Vec2.inl in Resources */,
				1A998BCED3BA52CEF19BF049 /* Vec3.inl in Resources */,
				1A99888D79D0BAB99B600D58 /* Vec4.inl in Resources */,
				1A998FDA716A3DEC0F9E73D4 /* Mat4.inl in Resources */,
				1A9989823E57F438ADA76A85 /* MathUtilNeon.inl in Resources */,
				1A998EF4F4336C7F3818B4DA /* Quaternion.inl in Resources */,
				1A99844C312C635824CDD92E /* MathUtilSSE.inl in Resources */,
				1A998EACA986A9826A904292 /* MathUtil.inl in Resources */,
				1A99838C31BC731D992B62B3 /* MathUtilNeon64.inl in Resources */,
			);
			runOnlyForDeploymentPostprocessing = 0;
		};
/* End PBXResourcesBuildPhase section */

/* Begin PBXShellScriptBuildPhase section */
		32D833FE0290563F86744EA0 /* [CP] Check Pods Manifest.lock */ = {
			isa = PBXShellScriptBuildPhase;
			buildActionMask = 2147483647;
			files = (
			);
			inputPaths = (
				"${PODS_PODFILE_DIR_PATH}/Podfile.lock",
				"${PODS_ROOT}/Manifest.lock",
			);
			name = "[CP] Check Pods Manifest.lock";
			outputPaths = (
				"$(DERIVED_FILE_DIR)/Pods-AtomGraphics-checkManifestLockResult.txt",
			);
			runOnlyForDeploymentPostprocessing = 0;
			shellPath = /bin/sh;
			shellScript = "diff \"${PODS_PODFILE_DIR_PATH}/Podfile.lock\" \"${PODS_ROOT}/Manifest.lock\" > /dev/null\nif [ $? != 0 ] ; then\n    # print error to STDERR\n    echo \"error: The sandbox is not in sync with the Podfile.lock. Run 'pod install' or update your CocoaPods installation.\" >&2\n    exit 1\nfi\n# This output is used by Xcode 'outputs' to avoid re-running this script phase.\necho \"SUCCESS\" > \"${SCRIPT_OUTPUT_FILE_0}\"\n";
			showEnvVarsInLog = 0;
		};
/* End PBXShellScriptBuildPhase section */

/* Begin PBXSourcesBuildPhase section */
		B59FAB0E1FBC2B8500417328 /* Sources */ = {
			isa = PBXSourcesBuildPhase;
			buildActionMask = 2147483647;
			files = (
				B5A4D32B206115BA001DAABD /* main.m in Sources */,
				1A9987303BE2E183CDCA080C /* AppDelegate.m in Sources */,
				1A998C31BEC24B68A672CEA3 /* ViewController.m in Sources */,
				1A998451F9BECBC387235BD6 /* AtomRef.cpp in Sources */,
				1A99890BAA1F011AD9D75000 /* Vec2.cpp in Sources */,
				1A9984812A5E6FA80B99C024 /* AtomGraphics.cpp in Sources */,
				1A998AD8BD9ED170DA128849 /* AtomGeometry.cpp in Sources */,
				1A9989D3C2E24799F6761062 /* AtomGraphicsView.mm in Sources */,
				1A99828F4F9AA5D81862BFF3 /* Vec3.cpp in Sources */,
				1A9987CEF8954EDCA6A9B8EF /* Vec4.cpp in Sources */,
				1A998392D0E04EFF43E058F0 /* Mat4.cpp in Sources */,
				1A9989C00A643D3C287D6270 /* MathUtil.cpp in Sources */,
				1A9987B5C2F9B85F056AB489 /* Quaternion.cpp in Sources */,
				1A998A396120D68E32D69111 /* AtomTypes.cpp in Sources */,
				1A998C34832AF33ED23D0D39 /* AtomPainter.cpp in Sources */,
				1A998E9B85D9F58056A14CE0 /* AtomImageProvider.cpp in Sources */,
				1A9987A1995008A6754E7FCC /* AtomPainterGL.cpp in Sources */,
				1A99856BDD4B6731687A78E5 /* AtomPath.cpp in Sources */,
				1A99832857AA0186BBD84A92 /* AtomCanvasNode.cpp in Sources */,
				1A9984224C179BAA2B3F18E4 /* AtomCanvasContext2D.cpp in Sources */,
				1A998955C27FD67266DDC065 /* AtomCanvasContext3D.cpp in Sources */,
				1A998C21F04E935CB7501CED /* FPSLabel.m in Sources */,
				1A998F381EA60231664E901A /* AtomCanvasGradient.cpp in Sources */,
				1A9989258128EEEA2F508534 /* AtomCanvasPattern.cpp in Sources */,
				1A99852446CFB50C46AEE41A /* AtomCanvasContextBase.cpp in Sources */,
				1A9981752C28D3231160C304 /* ImageBufferCG.mm in Sources */,
				1A99863CBF38893D41BBB8B9 /* AtomCanvasNodeCG.mm in Sources */,
				1A9982DD651F857CF0ECA86A /* AtomCanvasContext2dCG.mm in Sources */,
				1A9988E1F180FD1A1F52BB72 /* AtomGCanvasNode.cpp in Sources */,
				1CC978DEB1D82EB15A52928F /* AtomCanvasImage.cpp in Sources */,
				1CC9791B7054BDB999C2B5A8 /* AtomCanvasImageData.cpp in Sources */,
				1CC97D3881DE7C24E6D1001B /* AtomEncode.cpp in Sources */,
				1CC97CC7C4285D6D22D3D432 /* AtomConvert.cpp in Sources */,
				1A99879F4F069ED8F377793D /* AtomGCanvasContext2D.cpp in Sources */,
				1A9985B4979EED2B2DB06B1B /* ChartGroupView.mm in Sources */,
				1A998C63D473D5C7723994C4 /* GraphicsLayer.cpp in Sources */,
				1A9985824990C2A0184AC880 /* GraphicsLayerBackingStore.cpp in Sources */,
				1A998E6128A910095C92E931 /* GraphicsContentFlushController.cpp in Sources */,
				1A99825BEB092D4E3138F375 /* DisplayRefreshMonitorClient.cpp in Sources */,
				1A99806E8DC54A6E54DB3D3B /* DisplayRefreshMonitor.cpp in Sources */,
				1A998587D5DFF86B12C58049 /* GraphicsPage.cpp in Sources */,
				1A998186CA17A60CD72B4A3E /* GraphicsPageManager.cpp in Sources */,
				1A998E62B0F5BA1A6612AB8D /* GraphicsLayerGCanvas.cpp in Sources */,
				1A998902B64E40080E2E8A46 /* GraphicsLayerBackingStoreGCanvas.cpp in Sources */,
				1A998F9AB09FB7709FD19D58 /* RequestAnimationCallback.cpp in Sources */,
				1A998BA623F981D88B04D01A /* ScriptAnimationFrameController.cpp in Sources */,
				1A998E860DCD1F82DD694BE7 /* ScriptTimer.cpp in Sources */,
				1A99889AF3A9CE5754067BC0 /* DisplayLinkCA.mm in Sources */,
				1A99829E753BE49C415F55FC /* GraphicsContextCG.mm in Sources */,
				1A99801B1A0DD20159DCEA39 /* GraphicsLayerCG.mm in Sources */,
				1A998392E698719B3DEF3E98 /* GraphicsLayerBackingStoreGCanvas.mm in Sources */,
				1A99829FDA748FACECDF774C /* GraphicsContentFlushController.mm in Sources */,
				1A99859EA5A0D341B42DC078 /* GraphicsLayerBackingStoreCG.mm in Sources */,
				1A998370BA20D05FC46A6AD4 /* GraphicsThread.mm in Sources */,
				1A998088F7101737B154BE0E /* ThreadTimer.mm in Sources */,
				1A998D387CDC39F6A8419B96 /* AtomJavaScriptCore.mm in Sources */,
				1A9980B07FC44AF530492C95 /* AtomJSZRender.m in Sources */,
				1A9983027338D8BD268C0962 /* AtomJSTimer.mm in Sources */,
				1A9985D3A9E013AF894135B8 /* CanvasJavaScriptInterface.mm in Sources */,
				1A998B33746D4B38987B3F32 /* CanvasContextJavaScriptInterface.mm in Sources */,
				1A998B438EF6981B9695667A /* AtomGCanvasEAGLLayer.mm in Sources */,
				1A99836103F0147C56DB0705 /* AtomGCanvasContext2D.mm in Sources */,
				1A998B18878796621BB529BD /* AtomNode.cpp in Sources */,
				1A9989DF68927D07E48A768E /* AtomNodeTree.cpp in Sources */,
				1A9983C1B6D02FA0D8F50189 /* DisplayLink.cpp in Sources */,
				1A998866FAF86361BF5A78EA /* GraphicsPageContext.cpp in Sources */,
				1A99860D1C3190145C06B5C9 /* GraphicsRunLoop.mm in Sources */,
				1A998534CDA819CD1EBA2FCC /* Timer.mm in Sources */,
				1A9985A2DF6A258F960C452E /* TimerManager.cpp in Sources */,
			);
			runOnlyForDeploymentPostprocessing = 0;
		};
/* End PBXSourcesBuildPhase section */

/* Begin XCBuildConfiguration section */
		B59FAB261FBC2B8500417328 /* Debug */ = {
			isa = XCBuildConfiguration;
			buildSettings = {
				ALWAYS_SEARCH_USER_PATHS = NO;
				CLANG_ANALYZER_NONNULL = YES;
				CLANG_ANALYZER_NUMBER_OBJECT_CONVERSION = YES_AGGRESSIVE;
				CLANG_CXX_LANGUAGE_STANDARD = "gnu++14";
				CLANG_CXX_LIBRARY = "libc++";
				CLANG_ENABLE_MODULES = YES;
				CLANG_ENABLE_OBJC_ARC = YES;
				CLANG_WARN_BLOCK_CAPTURE_AUTORELEASING = YES;
				CLANG_WARN_BOOL_CONVERSION = YES;
				CLANG_WARN_COMMA = YES;
				CLANG_WARN_CONSTANT_CONVERSION = YES;
				CLANG_WARN_DIRECT_OBJC_ISA_USAGE = YES_ERROR;
				CLANG_WARN_DOCUMENTATION_COMMENTS = YES;
				CLANG_WARN_EMPTY_BODY = YES;
				CLANG_WARN_ENUM_CONVERSION = YES;
				CLANG_WARN_INFINITE_RECURSION = YES;
				CLANG_WARN_INT_CONVERSION = YES;
				CLANG_WARN_NON_LITERAL_NULL_CONVERSION = YES;
				CLANG_WARN_OBJC_LITERAL_CONVERSION = YES;
				CLANG_WARN_OBJC_ROOT_CLASS = YES_ERROR;
				CLANG_WARN_RANGE_LOOP_ANALYSIS = YES;
				CLANG_WARN_STRICT_PROTOTYPES = YES;
				CLANG_WARN_SUSPICIOUS_MOVE = YES;
				CLANG_WARN_UNGUARDED_AVAILABILITY = YES_AGGRESSIVE;
				CLANG_WARN_UNREACHABLE_CODE = YES;
				CLANG_WARN__DUPLICATE_METHOD_MATCH = YES;
				CODE_SIGN_IDENTITY = "iPhone Developer";
				COPY_PHASE_STRIP = NO;
				DEBUG_INFORMATION_FORMAT = dwarf;
				ENABLE_STRICT_OBJC_MSGSEND = YES;
				ENABLE_TESTABILITY = YES;
				GCC_C_LANGUAGE_STANDARD = gnu11;
				GCC_DYNAMIC_NO_PIC = NO;
				GCC_NO_COMMON_BLOCKS = YES;
				GCC_OPTIMIZATION_LEVEL = 0;
				GCC_PREPROCESSOR_DEFINITIONS = (
					"DEBUG=1",
					"COCOS2D_DEBUG=1",
					"$(inherited)",
				);
				GCC_WARN_64_TO_32_BIT_CONVERSION = YES;
				GCC_WARN_ABOUT_RETURN_TYPE = YES_ERROR;
				GCC_WARN_UNDECLARED_SELECTOR = YES;
				GCC_WARN_UNINITIALIZED_AUTOS = YES_AGGRESSIVE;
				GCC_WARN_UNUSED_FUNCTION = YES;
				GCC_WARN_UNUSED_VARIABLE = YES;
				IPHONEOS_DEPLOYMENT_TARGET = 11.1;
				MTL_ENABLE_DEBUG_INFO = YES;
				ONLY_ACTIVE_ARCH = YES;
				SDKROOT = iphoneos;
				USER_HEADER_SEARCH_PATHS = "$(SRCROOT)/.. $(SRCROOT)/../../AtomGraphics";
			};
			name = Debug;
		};
		B59FAB271FBC2B8500417328 /* Release */ = {
			isa = XCBuildConfiguration;
			buildSettings = {
				ALWAYS_SEARCH_USER_PATHS = NO;
				CLANG_ANALYZER_NONNULL = YES;
				CLANG_ANALYZER_NUMBER_OBJECT_CONVERSION = YES_AGGRESSIVE;
				CLANG_CXX_LANGUAGE_STANDARD = "gnu++14";
				CLANG_CXX_LIBRARY = "libc++";
				CLANG_ENABLE_MODULES = YES;
				CLANG_ENABLE_OBJC_ARC = YES;
				CLANG_WARN_BLOCK_CAPTURE_AUTORELEASING = YES;
				CLANG_WARN_BOOL_CONVERSION = YES;
				CLANG_WARN_COMMA = YES;
				CLANG_WARN_CONSTANT_CONVERSION = YES;
				CLANG_WARN_DIRECT_OBJC_ISA_USAGE = YES_ERROR;
				CLANG_WARN_DOCUMENTATION_COMMENTS = YES;
				CLANG_WARN_EMPTY_BODY = YES;
				CLANG_WARN_ENUM_CONVERSION = YES;
				CLANG_WARN_INFINITE_RECURSION = YES;
				CLANG_WARN_INT_CONVERSION = YES;
				CLANG_WARN_NON_LITERAL_NULL_CONVERSION = YES;
				CLANG_WARN_OBJC_LITERAL_CONVERSION = YES;
				CLANG_WARN_OBJC_ROOT_CLASS = YES_ERROR;
				CLANG_WARN_RANGE_LOOP_ANALYSIS = YES;
				CLANG_WARN_STRICT_PROTOTYPES = YES;
				CLANG_WARN_SUSPICIOUS_MOVE = YES;
				CLANG_WARN_UNGUARDED_AVAILABILITY = YES_AGGRESSIVE;
				CLANG_WARN_UNREACHABLE_CODE = YES;
				CLANG_WARN__DUPLICATE_METHOD_MATCH = YES;
				CODE_SIGN_IDENTITY = "iPhone Developer";
				COPY_PHASE_STRIP = NO;
				DEBUG_INFORMATION_FORMAT = "dwarf-with-dsym";
				ENABLE_NS_ASSERTIONS = NO;
				ENABLE_STRICT_OBJC_MSGSEND = YES;
				GCC_C_LANGUAGE_STANDARD = gnu11;
				GCC_NO_COMMON_BLOCKS = YES;
				GCC_WARN_64_TO_32_BIT_CONVERSION = YES;
				GCC_WARN_ABOUT_RETURN_TYPE = YES_ERROR;
				GCC_WARN_UNDECLARED_SELECTOR = YES;
				GCC_WARN_UNINITIALIZED_AUTOS = YES_AGGRESSIVE;
				GCC_WARN_UNUSED_FUNCTION = YES;
				GCC_WARN_UNUSED_VARIABLE = YES;
				IPHONEOS_DEPLOYMENT_TARGET = 11.1;
				MTL_ENABLE_DEBUG_INFO = NO;
				SDKROOT = iphoneos;
				USER_HEADER_SEARCH_PATHS = "$(SRCROOT)/.. $(SRCROOT)/../../AtomGraphics";
				VALIDATE_PRODUCT = YES;
			};
			name = Release;
		};
		B59FAB291FBC2B8500417328 /* Debug */ = {
			isa = XCBuildConfiguration;
			baseConfigurationReference = 10AB47E74C21EDA168593FD4 /* Pods-AtomGraphics.debug.xcconfig */;
			buildSettings = {
				ASSETCATALOG_COMPILER_APPICON_NAME = AppIcon;
				CODE_SIGN_STYLE = Automatic;
				DEVELOPMENT_TEAM = WYKLZGC9RP;
				INFOPLIST_FILE = Info.plist;
				IPHONEOS_DEPLOYMENT_TARGET = 8.0;
				LD_RUNPATH_SEARCH_PATHS = "$(inherited) @executable_path/Frameworks";
				PRODUCT_BUNDLE_IDENTIFIER = neo.AtomGraphics;
				PRODUCT_NAME = "$(TARGET_NAME)";
				TARGETED_DEVICE_FAMILY = "1,2";
			};
			name = Debug;
		};
		B59FAB2A1FBC2B8500417328 /* Release */ = {
			isa = XCBuildConfiguration;
			baseConfigurationReference = 6260B2A056CF48662A2CD126 /* Pods-AtomGraphics.release.xcconfig */;
			buildSettings = {
				ASSETCATALOG_COMPILER_APPICON_NAME = AppIcon;
				CODE_SIGN_STYLE = Automatic;
				DEVELOPMENT_TEAM = WYKLZGC9RP;
				INFOPLIST_FILE = Info.plist;
				IPHONEOS_DEPLOYMENT_TARGET = 8.0;
				LD_RUNPATH_SEARCH_PATHS = "$(inherited) @executable_path/Frameworks";
				PRODUCT_BUNDLE_IDENTIFIER = neo.AtomGraphics;
				PRODUCT_NAME = "$(TARGET_NAME)";
				TARGETED_DEVICE_FAMILY = "1,2";
			};
			name = Release;
		};
/* End XCBuildConfiguration section */

/* Begin XCConfigurationList section */
		B59FAB0D1FBC2B8500417328 /* Build configuration list for PBXProject "AtomGraphics" */ = {
			isa = XCConfigurationList;
			buildConfigurations = (
				B59FAB261FBC2B8500417328 /* Debug */,
				B59FAB271FBC2B8500417328 /* Release */,
			);
			defaultConfigurationIsVisible = 0;
			defaultConfigurationName = Release;
		};
		B59FAB281FBC2B8500417328 /* Build configuration list for PBXNativeTarget "AtomGraphics" */ = {
			isa = XCConfigurationList;
			buildConfigurations = (
				B59FAB291FBC2B8500417328 /* Debug */,
				B59FAB2A1FBC2B8500417328 /* Release */,
			);
			defaultConfigurationIsVisible = 0;
			defaultConfigurationName = Release;
		};
/* End XCConfigurationList section */
	};
	rootObject = B59FAB0A1FBC2B8500417328 /* Project object */;
}
